PODS:
  - Flutter (1.0.0)
  - Stripe (11.4.0)
  - stripe_payment (0.0.1):
    - Flutter
    - Stripe

DEPENDENCIES:
  - Flutter (from `/Users/boni/Documents/Programmieren/Dart/flutter/bin/cache/artifacts/engine/ios`)
  - stripe_payment (from `/Users/boni/Documents/Programmieren/Dart/teacherfinder/stripe_payment/ios`)

EXTERNAL SOURCES:
  Flutter:
    :path: /Users/boni/Documents/Programmieren/Dart/flutter/bin/cache/artifacts/engine/ios
  stripe_payment:
    :path: /Users/boni/Documents/Programmieren/Dart/teacherfinder/stripe_payment/ios

SPEC CHECKSUMS:
  Flutter: d674e78c937094a75ac71dd77e921e840bea3dbf
  Stripe: dc8396620ab86a36221fc8df72ba9f5d317d174c
  stripe_payment: bdd1575a69e8a74822e1febb3fd02192ff371c5a

PODFILE CHECKSUM: cc70c01bca487bebd110b87397f017f3b76a89f1

COCOAPODS: 1.3.1
