PODS:
  - Flutter (1.0.0)
  - Stripe (18.0.0)
  - stripe_payment (1.0.0):
    - Flutter
    - Stripe (>= 18.0.0)

DEPENDENCIES:
  - Flutter (from `.symlinks/flutter/ios`)
  - stripe_payment (from `.symlinks/plugins/stripe_payment/ios`)

SPEC REPOS:
  https://github.com/cocoapods/specs.git:
    - Stripe

EXTERNAL SOURCES:
  Flutter:
    :path: ".symlinks/flutter/ios"
  stripe_payment:
    :path: ".symlinks/plugins/stripe_payment/ios"

SPEC CHECKSUMS:
  Flutter: 0e3d915762c693b495b44d77113d4970485de6ec
  Stripe: 8c9ac6b717a38ed4f373d4db9204cfe8c4120d65
  stripe_payment: 1baf1bbf556f7a35c210dc9e2eccf2075947b6be

PODFILE CHECKSUM: 6df7b2151b00dd359d0386e1bc413232fa807b13

COCOAPODS: 1.7.5
