PODS:
  - Flutter (1.0.0)
  - Stripe (11.5.0)
  - stripe_payment (0.0.1):
    - Flutter
    - Stripe

DEPENDENCIES:
  - Flutter (from `/Users/boni/Documents/Programmieren/Dart/flutter/bin/cache/artifacts/engine/ios`)
  - stripe_payment (from `/Users/boni/Documents/Programmieren/Dart/stripe_payment/ios`)

SPEC REPOS:
  https://github.com/cocoapods/specs.git:
    - Stripe

EXTERNAL SOURCES:
  Flutter:
    :path: "/Users/boni/Documents/Programmieren/Dart/flutter/bin/cache/artifacts/engine/ios"
  stripe_payment:
    :path: "/Users/boni/Documents/Programmieren/Dart/stripe_payment/ios"

SPEC CHECKSUMS:
  Flutter: 9d0fac939486c9aba2809b7982dfdbb47a7b0296
  Stripe: 10761682d20dc491c52287393c800db056c9748d
  stripe_payment: 53d46765892f2d8b95d3177d6c3645002ce18810

PODFILE CHECKSUM: cc70c01bca487bebd110b87397f017f3b76a89f1

COCOAPODS: 1.5.3
